
Microsoft Visual Studio Solution File, Format Version 12.00
# Visual Studio Version 17
VisualStudioVersion = 17.7.34024.191
MinimumVisualStudioVersion = 10.0.40219.1
Project("{9A19103F-16F7-4668-BE54-9A1E7A4F7556}") = "PizzaBlazor.Server", "Server\PizzaBlazor.Server.csproj", "{7B5E9979-5BC3-45F7-9C9F-910B260A0EA1}"
EndProject
Project("{9A19103F-16F7-4668-BE54-9A1E7A4F7556}") = "PizzaBlazor.Client", "Client\PizzaBlazor.Client.csproj", "{6F766129-74F4-4AC9-A6AD-6D31C6EF5DBD}"
EndProject
Project("{9A19103F-16F7-4668-BE54-9A1E7A4F7556}") = "PizzaBlazor.Shared", "Shared\PizzaBlazor.Shared.csproj", "{A2633E0A-7F2A-4856-9039-F1699057BBF3}"
EndProject
Global
	GlobalSection(SolutionConfigurationPlatforms) = preSolution
		Debug|Any CPU = Debug|Any CPU
		Release|Any CPU = Release|Any CPU
	EndGlobalSection
	GlobalSection(ProjectConfigurationPlatforms) = postSolution
		{7B5E9979-5BC3-45F7-9C9F-910B260A0EA1}.Debug|Any CPU.ActiveCfg = Debug|Any CPU
		{7B5E9979-5BC3-45F7-9C9F-910B260A0EA1}.Debug|Any CPU.Build.0 = Debug|Any CPU
		{7B5E9979-5BC3-45F7-9C9F-910B260A0EA1}.Release|Any CPU.ActiveCfg = Release|Any CPU
		{7B5E9979-5BC3-45F7-9C9F-910B260A0EA1}.Release|Any CPU.Build.0 = Release|Any CPU
		{6F766129-74F4-4AC9-A6AD-6D31C6EF5DBD}.Debug|Any CPU.ActiveCfg = Debug|Any CPU
		{6F766129-74F4-4AC9-A6AD-6D31C6EF5DBD}.Debug|Any CPU.Build.0 = Debug|Any CPU
		{6F766129-74F4-4AC9-A6AD-6D31C6EF5DBD}.Release|Any CPU.ActiveCfg = Release|Any CPU
		{6F766129-74F4-4AC9-A6AD-6D31C6EF5DBD}.Release|Any CPU.Build.0 = Release|Any CPU
		{A2633E0A-7F2A-4856-9039-F1699057BBF3}.Debug|Any CPU.ActiveCfg = Debug|Any CPU
		{A2633E0A-7F2A-4856-9039-F1699057BBF3}.Debug|Any CPU.Build.0 = Debug|Any CPU
		{A2633E0A-7F2A-4856-9039-F1699057BBF3}.Release|Any CPU.ActiveCfg = Release|Any CPU
		{A2633E0A-7F2A-4856-9039-F1699057BBF3}.Release|Any CPU.Build.0 = Release|Any CPU
	EndGlobalSection
	GlobalSection(SolutionProperties) = preSolution
		HideSolutionNode = FALSE
	EndGlobalSection
	GlobalSection(ExtensibilityGlobals) = postSolution
		SolutionGuid = {467D3937-C18E-4FBB-A0B4-F5ACD36CC49C}
	EndGlobalSection
EndGlobal
